
Microsoft Visual Studio Solution File, Format Version 12.00
# Visual Studio Version 17
VisualStudioVersion = 17.11.35312.102
MinimumVisualStudioVersion = 10.0.40219.1
Project("{9A19103F-16F7-4668-BE54-9A1E7A4F7556}") = "ResilientRefit.Core", "ResilientRefit.Core\ResilientRefit.Core.csproj", "{ED5CE39F-16DB-4375-A81D-5680852C6655}"
EndProject
Project("{2150E333-8FDC-42A3-9474-1A3956D46DE8}") = "Solution Items", "Solution Items", "{1B69864D-8A78-40D3-9C1F-E71C713C450F}"
EndProject
Project("{FAE04EC0-301F-11D3-BF4B-00C04F79EFBC}") = "ResilientRefit.Api", "ResilientRefit.Api\ResilientRefit.Api.csproj", "{5E14412F-C104-4F5D-AA91-F043B6BC59B7}"
EndProject
Global
	GlobalSection(SolutionConfigurationPlatforms) = preSolution
		Debug|Any CPU = Debug|Any CPU
		Release|Any CPU = Release|Any CPU
	EndGlobalSection
	GlobalSection(ProjectConfigurationPlatforms) = postSolution
		{ED5CE39F-16DB-4375-A81D-5680852C6655}.Debug|Any CPU.ActiveCfg = Debug|Any CPU
		{ED5CE39F-16DB-4375-A81D-5680852C6655}.Debug|Any CPU.Build.0 = Debug|Any CPU
		{ED5CE39F-16DB-4375-A81D-5680852C6655}.Release|Any CPU.ActiveCfg = Release|Any CPU
		{ED5CE39F-16DB-4375-A81D-5680852C6655}.Release|Any CPU.Build.0 = Release|Any CPU
		{5E14412F-C104-4F5D-AA91-F043B6BC59B7}.Debug|Any CPU.ActiveCfg = Debug|Any CPU
		{5E14412F-C104-4F5D-AA91-F043B6BC59B7}.Debug|Any CPU.Build.0 = Debug|Any CPU
		{5E14412F-C104-4F5D-AA91-F043B6BC59B7}.Release|Any CPU.ActiveCfg = Release|Any CPU
		{5E14412F-C104-4F5D-AA91-F043B6BC59B7}.Release|Any CPU.Build.0 = Release|Any CPU
	EndGlobalSection
	GlobalSection(SolutionProperties) = preSolution
		HideSolutionNode = FALSE
	EndGlobalSection
	GlobalSection(ExtensibilityGlobals) = postSolution
		SolutionGuid = {EF257306-63C2-4F8D-8887-F4CDD4FCC0ED}
	EndGlobalSection
EndGlobal
